
Microsoft Visual Studio Solution File, Format Version 12.00
# Visual Studio Version 17
VisualStudioVersion = 17.3.32825.248
MinimumVisualStudioVersion = 10.0.40219.1
Project("{FAE04EC0-301F-11D3-BF4B-00C04F79EFBC}") = "RpgCryptoJitsu", "RpgCryptoJitsu\RpgCryptoJitsu.csproj", "{EB0C6118-4FEF-4B66-8073-7D31C7312F2E}"
EndProject
Global
	GlobalSection(SolutionConfigurationPlatforms) = preSolution
		Debug|Any CPU = Debug|Any CPU
		Release|Any CPU = Release|Any CPU
	EndGlobalSection
	GlobalSection(ProjectConfigurationPlatforms) = postSolution
		{EB0C6118-4FEF-4B66-8073-7D31C7312F2E}.Debug|Any CPU.ActiveCfg = Debug|Any CPU
		{EB0C6118-4FEF-4B66-8073-7D31C7312F2E}.Debug|Any CPU.Build.0 = Debug|Any CPU
		{EB0C6118-4FEF-4B66-8073-7D31C7312F2E}.Release|Any CPU.ActiveCfg = Release|Any CPU
		{EB0C6118-4FEF-4B66-8073-7D31C7312F2E}.Release|Any CPU.Build.0 = Release|Any CPU
	EndGlobalSection
	GlobalSection(SolutionProperties) = preSolution
		HideSolutionNode = FALSE
	EndGlobalSection
	GlobalSection(ExtensibilityGlobals) = postSolution
		SolutionGuid = {853EE335-0DB5-40FB-BADF-43C3DB54A8FE}
	EndGlobalSection
EndGlobal
